
Microsoft Visual Studio Solution File, Format Version 12.00
# Visual Studio Version 17
VisualStudioVersion = 17.14.36603.0
MinimumVisualStudioVersion = 10.0.40219.1
Project("{FAE04EC0-301F-11D3-BF4B-00C04F79EFBC}") = "PV_522_ADO", "ADO\PV_522_ADO.csproj", "{E841A47A-A35F-43B2-8687-F5E2CDB8186E}"
EndProject
Project("{FAE04EC0-301F-11D3-BF4B-00C04F79EFBC}") = "DBtools", "DBtools\DBtools.csproj", "{B54D5F74-53A0-431A-BBBD-FBBA6A58F68F}"
EndProject
Project("{FAE04EC0-301F-11D3-BF4B-00C04F79EFBC}") = "DLLcheck", "DLLcheck\DLLcheck.csproj", "{D2036214-ACFB-4B2B-AD34-E67B473CE2BB}"
EndProject
Project("{FAE04EC0-301F-11D3-BF4B-00C04F79EFBC}") = "Academy", "Academy\Academy.csproj", "{C95493CD-5812-4110-93E7-405F6DD171FF}"
EndProject
Global
	GlobalSection(SolutionConfigurationPlatforms) = preSolution
		Debug|Any CPU = Debug|Any CPU
		Release|Any CPU = Release|Any CPU
	EndGlobalSection
	GlobalSection(ProjectConfigurationPlatforms) = postSolution
		{E841A47A-A35F-43B2-8687-F5E2CDB8186E}.Debug|Any CPU.ActiveCfg = Debug|Any CPU
		{E841A47A-A35F-43B2-8687-F5E2CDB8186E}.Debug|Any CPU.Build.0 = Debug|Any CPU
		{E841A47A-A35F-43B2-8687-F5E2CDB8186E}.Release|Any CPU.ActiveCfg = Release|Any CPU
		{E841A47A-A35F-43B2-8687-F5E2CDB8186E}.Release|Any CPU.Build.0 = Release|Any CPU
		{B54D5F74-53A0-431A-BBBD-FBBA6A58F68F}.Debug|Any CPU.ActiveCfg = Debug|Any CPU
		{B54D5F74-53A0-431A-BBBD-FBBA6A58F68F}.Debug|Any CPU.Build.0 = Debug|Any CPU
		{B54D5F74-53A0-431A-BBBD-FBBA6A58F68F}.Release|Any CPU.ActiveCfg = Release|Any CPU
		{B54D5F74-53A0-431A-BBBD-FBBA6A58F68F}.Release|Any CPU.Build.0 = Release|Any CPU
		{D2036214-ACFB-4B2B-AD34-E67B473CE2BB}.Debug|Any CPU.ActiveCfg = Debug|Any CPU
		{D2036214-ACFB-4B2B-AD34-E67B473CE2BB}.Debug|Any CPU.Build.0 = Debug|Any CPU
		{D2036214-ACFB-4B2B-AD34-E67B473CE2BB}.Release|Any CPU.ActiveCfg = Release|Any CPU
		{D2036214-ACFB-4B2B-AD34-E67B473CE2BB}.Release|Any CPU.Build.0 = Release|Any CPU
		{C95493CD-5812-4110-93E7-405F6DD171FF}.Debug|Any CPU.ActiveCfg = Debug|Any CPU
		{C95493CD-5812-4110-93E7-405F6DD171FF}.Debug|Any CPU.Build.0 = Debug|Any CPU
		{C95493CD-5812-4110-93E7-405F6DD171FF}.Release|Any CPU.ActiveCfg = Release|Any CPU
		{C95493CD-5812-4110-93E7-405F6DD171FF}.Release|Any CPU.Build.0 = Release|Any CPU
	EndGlobalSection
	GlobalSection(SolutionProperties) = preSolution
		HideSolutionNode = FALSE
	EndGlobalSection
	GlobalSection(ExtensibilityGlobals) = postSolution
		SolutionGuid = {15F29E24-3140-4029-A409-012DBC05E544}
	EndGlobalSection
EndGlobal
